
Microsoft Visual Studio Solution File, Format Version 12.00
# Visual Studio Version 17
VisualStudioVersion = 17.4.33213.308
MinimumVisualStudioVersion = 10.0.40219.1
Project("{FAE04EC0-301F-11D3-BF4B-00C04F79EFBC}") = "FireV2", "FireV2\FireV2.csproj", "{72D2BB0A-CAB7-4E98-ABEF-B2952D07324C}"
EndProject
Global
	GlobalSection(SolutionConfigurationPlatforms) = preSolution
		Debug|Any CPU = Debug|Any CPU
		Release|Any CPU = Release|Any CPU
	EndGlobalSection
	GlobalSection(ProjectConfigurationPlatforms) = postSolution
		{72D2BB0A-CAB7-4E98-ABEF-B2952D07324C}.Debug|Any CPU.ActiveCfg = Debug|Any CPU
		{72D2BB0A-CAB7-4E98-ABEF-B2952D07324C}.Debug|Any CPU.Build.0 = Debug|Any CPU
		{72D2BB0A-CAB7-4E98-ABEF-B2952D07324C}.Release|Any CPU.ActiveCfg = Release|Any CPU
		{72D2BB0A-CAB7-4E98-ABEF-B2952D07324C}.Release|Any CPU.Build.0 = Release|Any CPU
	EndGlobalSection
	GlobalSection(SolutionProperties) = preSolution
		HideSolutionNode = FALSE
	EndGlobalSection
	GlobalSection(ExtensibilityGlobals) = postSolution
		SolutionGuid = {ECB0AD82-3386-4957-A5DB-AB169A854A7F}
	EndGlobalSection
EndGlobal
